// !$*UTF8*$!
{
	archiveVersion = 1;
	classes = {
	};
	objectVersion = 46;
	objects = {

/* Begin PBXBuildFile section */
		F9214EE61D922EC8000C315A /* main.m in Sources */ = {isa = PBXBuildFile; fileRef = F9214EE51D922EC8000C315A /* main.m */; };
		F9214EE91D922EC8000C315A /* AppDelegate.m in Sources */ = {isa = PBXBuildFile; fileRef = F9214EE81D922EC8000C315A /* AppDelegate.m */; };
		F9214EEC1D922EC8000C315A /* ViewController.m in Sources */ = {isa = PBXBuildFile; fileRef = F9214EEB1D922EC8000C315A /* ViewController.m */; };
		F9214EEF1D922EC8000C315A /* Main.storyboard in Resources */ = {isa = PBXBuildFile; fileRef = F9214EED1D922EC8000C315A /* Main.storyboard */; };
		F9214EF11D922EC8000C315A /* Assets.xcassets in Resources */ = {isa = PBXBuildFile; fileRef = F9214EF01D922EC8000C315A /* Assets.xcassets */; };
		F9214EF41D922EC8000C315A /* LaunchScreen.storyboard in Resources */ = {isa = PBXBuildFile; fileRef = F9214EF21D922EC8000C315A /* LaunchScreen.storyboard */; };
/* End PBXBuildFile section */

/* Begin PBXFileReference section */
		F9214EE11D922EC8000C315A /* WKwebview.app */ = {isa = PBXFileReference; explicitFileType = wrapper.application; includeInIndex = 0; path = WKwebview.app; sourceTree = BUILT_PRODUCTS_DIR; };
		F9214EE51D922EC8000C315A /* main.m */ = {isa = PBXFileReference; lastKnownFileType = sourcecode.c.objc; path = main.m; sourceTree = "<group>"; };
		F9214EE71D922EC8000C315A /* AppDelegate.h */ = {isa = PBXFileReference; lastKnownFileType = sourcecode.c.h; path = AppDelegate.h; sourceTree = "<group>"; };
		F9214EE81D922EC8000C315A /* AppDelegate.m */ = {isa = PBXFileReference; lastKnownFileType = sourcecode.c.objc; path = AppDelegate.m; sourceTree = "<group>"; };
		F9214EEA1D922EC8000C315A /* ViewController.h */ = {isa = PBXFileReference; lastKnownFileType = sourcecode.c.h; path = ViewController.h; sourceTree = "<group>"; };
		F9214EEB1D922EC8000C315A /* ViewController.m */ = {isa = PBXFileReference; lastKnownFileType = sourcecode.c.objc; path = ViewController.m; sourceTree = "<group>"; };
		F9214EEE1D922EC8000C315A /* Base */ = {isa = PBXFileReference; lastKnownFileType = file.storyboard; name = Base; path = Base.lproj/Main.storyboard; sourceTree = "<group>"; };
		F9214EF01D922EC8000C315A /* Assets.xcassets */ = {isa = PBXFileReference; lastKnownFileType = folder.assetcatalog; path = Assets.xcassets; sourceTree = "<group>"; };
		F9214EF31D922EC8000C315A /* Base */ = {isa = PBXFileReference; lastKnownFileType = file.storyboard; name = Base; path = Base.lproj/LaunchScreen.storyboard; sourceTree = "<group>"; };
		F9214EF51D922EC8000C315A /* Info.plist */ = {isa = PBXFileReference; lastKnownFileType = text.plist.xml; path = Info.plist; sourceTree = "<group>"; };
/* End PBXFileReference section */

/* Begin PBXFrameworksBuildPhase section */
		F9214EDE1D922EC8000C315A /* Frameworks */ = {
			isa = PBXFrameworksBuildPhase;
			buildActionMask = 2147483647;
			files = (
			);
			runOnlyForDeploymentPostprocessing = 0;
		};
/* End PBXFrameworksBuildPhase section */

/* Begin PBXGroup section */
		F9214ED81D922EC8000C315A = {
			isa = PBXGroup;
			children = (
				F9214EE31D922EC8000C315A /* WKwebview */,
				F9214EE21D922EC8000C315A /* Products */,
			);
			sourceTree = "<group>";
		};
		F9214EE21D922EC8000C315A /* Products */ = {
			isa = PBXGroup;
			children = (
				F9214EE11D922EC8000C315A /* WKwebview.app */,
			);
			name = Products;
			sourceTree = "<group>";
		};
		F9214EE31D922EC8000C315A /* WKwebview */ = {
			isa = PBXGroup;
			children = (
				F9214EE71D922EC8000C315A /* AppDelegate.h */,
				F9214EE81D922EC8000C315A /* AppDelegate.m */,
				F9214EEA1D922EC8000C315A /* ViewController.h */,
				F9214EEB1D922EC8000C315A /* ViewController.m */,
				F9214EED1D922EC8000C315A /* Main.storyboard */,
				F9214EF01D922EC8000C315A /* Assets.xcassets */,
				F9214EF21D922EC8000C315A /* LaunchScreen.storyboard */,
				F9214EF51D922EC8000C315A /* Info.plist */,
				F9214EE41D922EC8000C315A /* Supporting Files */,
			);
			path = WKwebview;
			sourceTree = "<group>";
		};
		F9214EE41D922EC8000C315A /* Supporting Files */ = {
			isa = PBXGroup;
			children = (
				F9214EE51D922EC8000C315A /* main.m */,
			);
			name = "Supporting Files";
			sourceTree = "<group>";
		};
/* End PBXGroup section */

/* Begin PBXNativeTarget section */
		F9214EE01D922EC8000C315A /* WKwebview */ = {
			isa = PBXNativeTarget;
			buildConfigurationList = F9214EF81D922EC8000C315A /* Build configuration list for PBXNativeTarget "WKwebview" */;
			buildPhases = (
				F9214EDD1D922EC8000C315A /* Sources */,
				F9214EDE1D922EC8000C315A /* Frameworks */,
				F9214EDF1D922EC8000C315A /* Resources */,
			);
			buildRules = (
			);
			dependencies = (
			);
			name = WKwebview;
			productName = WKwebview;
			productReference = F9214EE11D922EC8000C315A /* WKwebview.app */;
			productType = "com.apple.product-type.application";
		};
/* End PBXNativeTarget section */

/* Begin PBXProject section */
		F9214ED91D922EC8000C315A /* Project object */ = {
			isa = PBXProject;
			attributes = {
				LastUpgradeCheck = 0720;
				ORGANIZATIONNAME = CloudEducation;
				TargetAttributes = {
					F9214EE01D922EC8000C315A = {
						CreatedOnToolsVersion = 7.2.1;
					};
				};
			};
			buildConfigurationList = F9214EDC1D922EC8000C315A /* Build configuration list for PBXProject "WKwebview" */;
			compatibilityVersion = "Xcode 3.2";
			developmentRegion = English;
			hasScannedForEncodings = 0;
			knownRegions = (
				en,
				Base,
			);
			mainGroup = F9214ED81D922EC8000C315A;
			productRefGroup = F9214EE21D922EC8000C315A /* Products */;
			projectDirPath = "";
			projectRoot = "";
			targets = (
				F9214EE01D922EC8000C315A /* WKwebview */,
			);
		};
/* End PBXProject section */

/* Begin PBXResourcesBuildPhase section */
		F9214EDF1D922EC8000C315A /* Resources */ = {
			isa = PBXResourcesBuildPhase;
			buildActionMask = 2147483647;
			files = (
				F9214EF41D922EC8000C315A /* LaunchScreen.storyboard in Resources */,
				F9214EF11D922EC8000C315A /* Assets.xcassets in Resources */,
				F9214EEF1D922EC8000C315A /* Main.storyboard in Resources */,
			);
			runOnlyForDeploymentPostprocessing = 0;
		};
/* End PBXResourcesBuildPhase section */

/* Begin PBXSourcesBuildPhase section */
		F9214EDD1D922EC8000C315A /* Sources */ = {
			isa = PBXSourcesBuildPhase;
			buildActionMask = 2147483647;
			files = (
				F9214EEC1D922EC8000C315A /* ViewController.m in Sources */,
				F9214EE91D922EC8000C315A /* AppDelegate.m in Sources */,
				F9214EE61D922EC8000C315A /* main.m in Sources */,
			);
			runOnlyForDeploymentPostprocessing = 0;
		};
/* End PBXSourcesBuildPhase section */

/* Begin PBXVariantGroup section */
		F9214EED1D922EC8000C315A /* Main.storyboard */ = {
			isa = PBXVariantGroup;
			children = (
				F9214EEE1D922EC8000C315A /* Base */,
			);
			name = Main.storyboard;
			sourceTree = "<group>";
		};
		F9214EF21D922EC8000C315A /* LaunchScreen.storyboard */ = {
			isa = PBXVariantGroup;
			children = (
				F9214EF31D922EC8000C315A /* Base */,
			);
			name = LaunchScreen.storyboard;
			sourceTree = "<group>";
		};
/* End PBXVariantGroup section */

/* Begin XCBuildConfiguration section */
		F9214EF61D922EC8000C315A /* Debug */ = {
			isa = XCBuildConfiguration;
			buildSettings = {
				ALWAYS_SEARCH_USER_PATHS = NO;
				CLANG_CXX_LANGUAGE_STANDARD = "gnu++0x";
				CLANG_CXX_LIBRARY = "libc++";
				CLANG_ENABLE_MODULES = YES;
				CLANG_ENABLE_OBJC_ARC = YES;
				CLANG_WARN_BOOL_CONVERSION = YES;
				CLANG_WARN_CONSTANT_CONVERSION = YES;
				CLANG_WARN_DIRECT_OBJC_ISA_USAGE = YES_ERROR;
				CLANG_WARN_EMPTY_BODY = YES;
				CLANG_WARN_ENUM_CONVERSION = YES;
				CLANG_WARN_INT_CONVERSION = YES;
				CLANG_WARN_OBJC_ROOT_CLASS = YES_ERROR;
				CLANG_WARN_UNREACHABLE_CODE = YES;
				CLANG_WARN__DUPLICATE_METHOD_MATCH = YES;
				"CODE_SIGN_IDENTITY[sdk=iphoneos*]" = "iPhone Developer";
				COPY_PHASE_STRIP = NO;
				DEBUG_INFORMATION_FORMAT = dwarf;
				ENABLE_STRICT_OBJC_MSGSEND = YES;
				ENABLE_TESTABILITY = YES;
				GCC_C_LANGUAGE_STANDARD = gnu99;
				GCC_DYNAMIC_NO_PIC = NO;
				GCC_NO_COMMON_BLOCKS = YES;
				GCC_OPTIMIZATION_LEVEL = 0;
				GCC_PREPROCESSOR_DEFINITIONS = (
					"DEBUG=1",
					"$(inherited)",
				);
				GCC_WARN_64_TO_32_BIT_CONVERSION = YES;
				GCC_WARN_ABOUT_RETURN_TYPE = YES_ERROR;
				GCC_WARN_UNDECLARED_SELECTOR = YES;
				GCC_WARN_UNINITIALIZED_AUTOS = YES_AGGRESSIVE;
				GCC_WARN_UNUSED_FUNCTION = YES;
				GCC_WARN_UNUSED_VARIABLE = YES;
				IPHONEOS_DEPLOYMENT_TARGET = 9.2;
				MTL_ENABLE_DEBUG_INFO = YES;
				ONLY_ACTIVE_ARCH = YES;
				SDKROOT = iphoneos;
			};
			name = Debug;
		};
		F9214EF71D922EC8000C315A /* Release */ = {
			isa = XCBuildConfiguration;
			buildSettings = {
				ALWAYS_SEARCH_USER_PATHS = NO;
				CLANG_CXX_LANGUAGE_STANDARD = "gnu++0x";
				CLANG_CXX_LIBRARY = "libc++";
				CLANG_ENABLE_MODULES = YES;
				CLANG_ENABLE_OBJC_ARC = YES;
				CLANG_WARN_BOOL_CONVERSION = YES;
				CLANG_WARN_CONSTANT_CONVERSION = YES;
				CLANG_WARN_DIRECT_OBJC_ISA_USAGE = YES_ERROR;
				CLANG_WARN_EMPTY_BODY = YES;
				CLANG_WARN_ENUM_CONVERSION = YES;
				CLANG_WARN_INT_CONVERSION = YES;
				CLANG_WARN_OBJC_ROOT_CLASS = YES_ERROR;
				CLANG_WARN_UNREACHABLE_CODE = YES;
				CLANG_WARN__DUPLICATE_METHOD_MATCH = YES;
				"CODE_SIGN_IDENTITY[sdk=iphoneos*]" = "iPhone Developer";
				COPY_PHASE_STRIP = NO;
				DEBUG_INFORMATION_FORMAT = "dwarf-with-dsym";
				ENABLE_NS_ASSERTIONS = NO;
				ENABLE_STRICT_OBJC_MSGSEND = YES;
				GCC_C_LANGUAGE_STANDARD = gnu99;
				GCC_NO_COMMON_BLOCKS = YES;
				GCC_WARN_64_TO_32_BIT_CONVERSION = YES;
				GCC_WARN_ABOUT_RETURN_TYPE = YES_ERROR;
				GCC_WARN_UNDECLARED_SELECTOR = YES;
				GCC_WARN_UNINITIALIZED_AUTOS = YES_AGGRESSIVE;
				GCC_WARN_UNUSED_FUNCTION = YES;
				GCC_WARN_UNUSED_VARIABLE = YES;
				IPHONEOS_DEPLOYMENT_TARGET = 9.2;
				MTL_ENABLE_DEBUG_INFO = NO;
				SDKROOT = iphoneos;
				VALIDATE_PRODUCT = YES;
			};
			name = Release;
		};
		F9214EF91D922EC8000C315A /* Debug */ = {
			isa = XCBuildConfiguration;
			buildSettings = {
				ASSETCATALOG_COMPILER_APPICON_NAME = AppIcon;
				INFOPLIST_FILE = WKwebview/Info.plist;
				LD_RUNPATH_SEARCH_PATHS = "$(inherited) @executable_path/Frameworks";
				PRODUCT_BUNDLE_IDENTIFIER = Cloud.WKwebview;
				PRODUCT_NAME = "$(TARGET_NAME)";
			};
			name = Debug;
		};
		F9214EFA1D922EC8000C315A /* Release */ = {
			isa = XCBuildConfiguration;
			buildSettings = {
				ASSETCATALOG_COMPILER_APPICON_NAME = AppIcon;
				INFOPLIST_FILE = WKwebview/Info.plist;
				LD_RUNPATH_SEARCH_PATHS = "$(inherited) @executable_path/Frameworks";
				PRODUCT_BUNDLE_IDENTIFIER = Cloud.WKwebview;
				PRODUCT_NAME = "$(TARGET_NAME)";
			};
			name = Release;
		};
/* End XCBuildConfiguration section */

/* Begin XCConfigurationList section */
		F9214EDC1D922EC8000C315A /* Build configuration list for PBXProject "WKwebview" */ = {
			isa = XCConfigurationList;
			buildConfigurations = (
				F9214EF61D922EC8000C315A /* Debug */,
				F9214EF71D922EC8000C315A /* Release */,
			);
			defaultConfigurationIsVisible = 0;
			defaultConfigurationName = Release;
		};
		F9214EF81D922EC8000C315A /* Build configuration list for PBXNativeTarget "WKwebview" */ = {
			isa = XCConfigurationList;
			buildConfigurations = (
				F9214EF91D922EC8000C315A /* Debug */,
				F9214EFA1D922EC8000C315A /* Release */,
			);
			defaultConfigurationIsVisible = 0;
		};
/* End XCConfigurationList section */
	};
	rootObject = F9214ED91D922EC8000C315A /* Project object */;
}
